
Microsoft Visual Studio Solution File, Format Version 12.00
# Visual Studio Version 16
VisualStudioVersion = 16.0.31402.337
MinimumVisualStudioVersion = 10.0.40219.1
Project("{FAE04EC0-301F-11D3-BF4B-00C04F79EFBC}") = "Drogueria Mi salud", "Drogueria Mi salud\Drogueria Mi salud.csproj", "{0761BB62-DFCC-4538-9C2F-7FC86DA4147B}"
EndProject
Global
	GlobalSection(SolutionConfigurationPlatforms) = preSolution
		Debug|Any CPU = Debug|Any CPU
		Release|Any CPU = Release|Any CPU
	EndGlobalSection
	GlobalSection(ProjectConfigurationPlatforms) = postSolution
		{0761BB62-DFCC-4538-9C2F-7FC86DA4147B}.Debug|Any CPU.ActiveCfg = Debug|Any CPU
		{0761BB62-DFCC-4538-9C2F-7FC86DA4147B}.Debug|Any CPU.Build.0 = Debug|Any CPU
		{0761BB62-DFCC-4538-9C2F-7FC86DA4147B}.Release|Any CPU.ActiveCfg = Release|Any CPU
		{0761BB62-DFCC-4538-9C2F-7FC86DA4147B}.Release|Any CPU.Build.0 = Release|Any CPU
	EndGlobalSection
	GlobalSection(SolutionProperties) = preSolution
		HideSolutionNode = FALSE
	EndGlobalSection
	GlobalSection(ExtensibilityGlobals) = postSolution
		SolutionGuid = {19B92C8F-F835-406F-975F-90D5DD30A8F5}
	EndGlobalSection
EndGlobal
